
Microsoft Visual Studio Solution File, Format Version 12.00
# Visual Studio Version 17
VisualStudioVersion = 17.0.31717.71
MinimumVisualStudioVersion = 10.0.40219.1
Project("{FAE04EC0-301F-11D3-BF4B-00C04F79EFBC}") = "HyperPeer", "HyperPeer.csproj", "{7C712661-D87B-4B63-9511-709E571E739D}"
EndProject
Global
	GlobalSection(SolutionConfigurationPlatforms) = preSolution
		Debug|Any CPU = Debug|Any CPU
		Release|Any CPU = Release|Any CPU
	EndGlobalSection
	GlobalSection(ProjectConfigurationPlatforms) = postSolution
		{7C712661-D87B-4B63-9511-709E571E739D}.Debug|Any CPU.ActiveCfg = Debug|Any CPU
		{7C712661-D87B-4B63-9511-709E571E739D}.Debug|Any CPU.Build.0 = Debug|Any CPU
		{7C712661-D87B-4B63-9511-709E571E739D}.Release|Any CPU.ActiveCfg = Release|Any CPU
		{7C712661-D87B-4B63-9511-709E571E739D}.Release|Any CPU.Build.0 = Release|Any CPU
	EndGlobalSection
	GlobalSection(SolutionProperties) = preSolution
		HideSolutionNode = FALSE
	EndGlobalSection
	GlobalSection(ExtensibilityGlobals) = postSolution
		SolutionGuid = {18F33D77-1F47-4BF3-9041-258DF404C7D1}
	EndGlobalSection
EndGlobal
